
Microsoft Visual Studio Solution File, Format Version 12.00
# Visual Studio 15
VisualStudioVersion = 15.0.27130.2003
MinimumVisualStudioVersion = 10.0.40219.1
Project("{E24C65DC-7377-472B-9ABA-BC803B73C61A}") = "DEMOWEB", "DEMOWEB\", "{F691869C-B3CE-463D-BBAF-0F249CE6935E}"
	ProjectSection(WebsiteProperties) = preProject
		TargetFrameworkMoniker = ".NETFramework,Version%3Dv4.6.1"
		Debug.AspNetCompiler.VirtualPath = "/localhost_60810"
		Debug.AspNetCompiler.PhysicalPath = "DEMOWEB\"
		Debug.AspNetCompiler.TargetPath = "PrecompiledWeb\localhost_60810\"
		Debug.AspNetCompiler.Updateable = "true"
		Debug.AspNetCompiler.ForceOverwrite = "true"
		Debug.AspNetCompiler.FixedNames = "false"
		Debug.AspNetCompiler.Debug = "True"
		Release.AspNetCompiler.VirtualPath = "/localhost_60810"
		Release.AspNetCompiler.PhysicalPath = "DEMOWEB\"
		Release.AspNetCompiler.TargetPath = "PrecompiledWeb\localhost_60810\"
		Release.AspNetCompiler.Updateable = "true"
		Release.AspNetCompiler.ForceOverwrite = "true"
		Release.AspNetCompiler.FixedNames = "false"
		Release.AspNetCompiler.Debug = "False"
		VWDPort = "60810"
		SlnRelativePath = "DEMOWEB\"
		DefaultWebSiteLanguage = "Visual C#"
	EndProjectSection
EndProject
Global
	GlobalSection(SolutionConfigurationPlatforms) = preSolution
		Debug|Any CPU = Debug|Any CPU
	EndGlobalSection
	GlobalSection(ProjectConfigurationPlatforms) = postSolution
		{F691869C-B3CE-463D-BBAF-0F249CE6935E}.Debug|Any CPU.ActiveCfg = Debug|Any CPU
		{F691869C-B3CE-463D-BBAF-0F249CE6935E}.Debug|Any CPU.Build.0 = Debug|Any CPU
	EndGlobalSection
	GlobalSection(SolutionProperties) = preSolution
		HideSolutionNode = FALSE
	EndGlobalSection
	GlobalSection(ExtensibilityGlobals) = postSolution
		SolutionGuid = {5D70DE5D-B118-4CD5-955A-F5E8A1A22251}
	EndGlobalSection
EndGlobal
