
Microsoft Visual Studio Solution File, Format Version 12.00
# Visual Studio 15
VisualStudioVersion = 15.0.27130.2003
MinimumVisualStudioVersion = 10.0.40219.1
Project("{FAE04EC0-301F-11D3-BF4B-00C04F79EFBC}") = "sample", "sample\sample.csproj", "{4EBCAE9C-50EC-4AB8-A30D-D4BCDF1F8A12}"
EndProject
Global
	GlobalSection(SolutionConfigurationPlatforms) = preSolution
		Debug|Any CPU = Debug|Any CPU
		Release|Any CPU = Release|Any CPU
	EndGlobalSection
	GlobalSection(ProjectConfigurationPlatforms) = postSolution
		{4EBCAE9C-50EC-4AB8-A30D-D4BCDF1F8A12}.Debug|Any CPU.ActiveCfg = Debug|Any CPU
		{4EBCAE9C-50EC-4AB8-A30D-D4BCDF1F8A12}.Debug|Any CPU.Build.0 = Debug|Any CPU
		{4EBCAE9C-50EC-4AB8-A30D-D4BCDF1F8A12}.Release|Any CPU.ActiveCfg = Release|Any CPU
		{4EBCAE9C-50EC-4AB8-A30D-D4BCDF1F8A12}.Release|Any CPU.Build.0 = Release|Any CPU
	EndGlobalSection
	GlobalSection(SolutionProperties) = preSolution
		HideSolutionNode = FALSE
	EndGlobalSection
	GlobalSection(ExtensibilityGlobals) = postSolution
		SolutionGuid = {A9A3302C-EA15-48F1-A428-A6CA28FA0D19}
	EndGlobalSection
EndGlobal
