
Microsoft Visual Studio Solution File, Format Version 12.00
# Visual Studio 15
VisualStudioVersion = 15.0.27130.2003
MinimumVisualStudioVersion = 10.0.40219.1
Project("{E24C65DC-7377-472B-9ABA-BC803B73C61A}") = "DEMOWEBSITE", "DEMOWEBSITE\", "{6AA9CE7A-9B6C-4193-B01B-E577E7E11234}"
	ProjectSection(WebsiteProperties) = preProject
		TargetFrameworkMoniker = ".NETFramework,Version%3Dv4.6.1"
		Debug.AspNetCompiler.VirtualPath = "/localhost_60815"
		Debug.AspNetCompiler.PhysicalPath = "DEMOWEBSITE\"
		Debug.AspNetCompiler.TargetPath = "PrecompiledWeb\localhost_60815\"
		Debug.AspNetCompiler.Updateable = "true"
		Debug.AspNetCompiler.ForceOverwrite = "true"
		Debug.AspNetCompiler.FixedNames = "false"
		Debug.AspNetCompiler.Debug = "True"
		Release.AspNetCompiler.VirtualPath = "/localhost_60815"
		Release.AspNetCompiler.PhysicalPath = "DEMOWEBSITE\"
		Release.AspNetCompiler.TargetPath = "PrecompiledWeb\localhost_60815\"
		Release.AspNetCompiler.Updateable = "true"
		Release.AspNetCompiler.ForceOverwrite = "true"
		Release.AspNetCompiler.FixedNames = "false"
		Release.AspNetCompiler.Debug = "False"
		VWDPort = "60815"
		SlnRelativePath = "DEMOWEBSITE\"
		DefaultWebSiteLanguage = "Visual C#"
	EndProjectSection
EndProject
Global
	GlobalSection(SolutionConfigurationPlatforms) = preSolution
		Debug|Any CPU = Debug|Any CPU
	EndGlobalSection
	GlobalSection(ProjectConfigurationPlatforms) = postSolution
		{6AA9CE7A-9B6C-4193-B01B-E577E7E11234}.Debug|Any CPU.ActiveCfg = Debug|Any CPU
		{6AA9CE7A-9B6C-4193-B01B-E577E7E11234}.Debug|Any CPU.Build.0 = Debug|Any CPU
	EndGlobalSection
	GlobalSection(SolutionProperties) = preSolution
		HideSolutionNode = FALSE
	EndGlobalSection
	GlobalSection(ExtensibilityGlobals) = postSolution
		SolutionGuid = {9097AC25-914A-408C-A8FF-2813F821A75C}
	EndGlobalSection
EndGlobal
