
Microsoft Visual Studio Solution File, Format Version 12.00
# Visual Studio 15
VisualStudioVersion = 15.0.27130.2003
MinimumVisualStudioVersion = 10.0.40219.1
Project("{FAE04EC0-301F-11D3-BF4B-00C04F79EFBC}") = "PrimeStringApp", "PrimeStringApp\PrimeStringApp.csproj", "{D1AA2449-B5E8-4DBA-868D-36F55DBF12E5}"
EndProject
Global
	GlobalSection(SolutionConfigurationPlatforms) = preSolution
		Debug|Any CPU = Debug|Any CPU
		Release|Any CPU = Release|Any CPU
	EndGlobalSection
	GlobalSection(ProjectConfigurationPlatforms) = postSolution
		{D1AA2449-B5E8-4DBA-868D-36F55DBF12E5}.Debug|Any CPU.ActiveCfg = Debug|Any CPU
		{D1AA2449-B5E8-4DBA-868D-36F55DBF12E5}.Debug|Any CPU.Build.0 = Debug|Any CPU
		{D1AA2449-B5E8-4DBA-868D-36F55DBF12E5}.Release|Any CPU.ActiveCfg = Release|Any CPU
		{D1AA2449-B5E8-4DBA-868D-36F55DBF12E5}.Release|Any CPU.Build.0 = Release|Any CPU
	EndGlobalSection
	GlobalSection(SolutionProperties) = preSolution
		HideSolutionNode = FALSE
	EndGlobalSection
	GlobalSection(ExtensibilityGlobals) = postSolution
		SolutionGuid = {FEAC0B7D-BD09-445D-B753-BF2F1D100284}
	EndGlobalSection
EndGlobal
